{
  "object": {
    "pins": [
      {
        "package": "IQKeyboardManagerSwift",
        "repositoryURL": "https://github.com/hackiftekhar/IQKeyboardManager.git",
        "state": {
          "branch": null,
          "revision": "1e442766a41e2948df25559eb03ab752c6d3aad0",
          "version": "6.5.0"
        }
      },
      {
        "package": "JGProgressHUD",
        "repositoryURL": "https://github.com/JonasGessner/JGProgressHUD.git",
        "state": {
          "branch": null,
          "revision": "78d7cd35f1d90ff74fd82e486f2cbe4b24be8cf9",
          "version": "2.2.0"
        }
      }
    ]
  },
  "version": 1
}
